{
  "name": "2016560",
  "version": "1.0.0",
  "lockfileVersion": 2,
  "requires": true,
  "packages": {
    "": {
      "name": "2016560",
      "version": "1.0.0",
      "license": "ISC",
      "workspaces": [
        "packages/test"
      ]
    },
    "node_modules/@muttonhead/test": {
      "resolved": "packages/test",
      "link": true
    },
    "packages/test": {
      "name": "@muttonhead/test",
      "version": "0.1.0-rc.0",
      "license": "ISC"
    }
  },
  "dependencies": {
    "@muttonhead/test": {
      "version": "file:packages/test"
    }
  }
}
